
Microsoft Visual Studio Solution File, Format Version 12.00
# Visual Studio Version 17
VisualStudioVersion = 17.8.34330.188
MinimumVisualStudioVersion = 10.0.40219.1
Project("{FAE04EC0-301F-11D3-BF4B-00C04F79EFBC}") = "XChess.Web", "XChess.Web\XChess.Web.csproj", "{BF1D56D9-CA76-41C0-839C-5FD6DE9AA61F}"
EndProject
Project("{FAE04EC0-301F-11D3-BF4B-00C04F79EFBC}") = "XChess.Model", "XChess.Model\XChess.Model.csproj", "{E3C02E65-1333-4522-BC13-F556C16F76FD}"
EndProject
Project("{FAE04EC0-301F-11D3-BF4B-00C04F79EFBC}") = "XChess.Repository", "XChess.Repository\XChess.Repository.csproj", "{8DDB629A-0AEB-477A-9635-1E8A410C410F}"
EndProject
Project("{FAE04EC0-301F-11D3-BF4B-00C04F79EFBC}") = "XChess.Service", "XChess.Service\XChess.Service.csproj", "{F8DF5E57-85C3-479A-89F2-81085A0B2732}"
EndProject
Project("{FAE04EC0-301F-11D3-BF4B-00C04F79EFBC}") = "XChess.CommonHelper", "CommonHelper\XChess.CommonHelper.csproj", "{9EBF254F-E96B-442D-B781-625FF6FF0AFE}"
EndProject
Project("{FAE04EC0-301F-11D3-BF4B-00C04F79EFBC}") = "XChess.Engine", "XChess.Engine\XChess.Engine.csproj", "{98364839-0B27-4804-8E73-752D4A807D55}"
EndProject
Project("{FAE04EC0-301F-11D3-BF4B-00C04F79EFBC}") = "XChess.RealTime", "XChess.RealTime\XChess.RealTime.csproj", "{FD2CA17D-97D5-4197-810E-A983452011B1}"
EndProject
Project("{FAE04EC0-301F-11D3-BF4B-00C04F79EFBC}") = "XChess.Infrastructure", "XChess.Infrastructure\XChess.Infrastructure.csproj", "{8A16F3D9-E62A-4C8D-91A9-99BFC90B705A}"
EndProject
Project("{FAE04EC0-301F-11D3-BF4B-00C04F79EFBC}") = "XChess.Store", "XChess.RealtimeStore\XChess.Store.csproj", "{409D1A6D-9C05-41E3-A8CB-A7B0DAC21B4C}"
EndProject
Global
	GlobalSection(SolutionConfigurationPlatforms) = preSolution
		Debug|Any CPU = Debug|Any CPU
		Release|Any CPU = Release|Any CPU
	EndGlobalSection
	GlobalSection(ProjectConfigurationPlatforms) = postSolution
		{BF1D56D9-CA76-41C0-839C-5FD6DE9AA61F}.Debug|Any CPU.ActiveCfg = Debug|Any CPU
		{BF1D56D9-CA76-41C0-839C-5FD6DE9AA61F}.Debug|Any CPU.Build.0 = Debug|Any CPU
		{BF1D56D9-CA76-41C0-839C-5FD6DE9AA61F}.Release|Any CPU.ActiveCfg = Release|Any CPU
		{BF1D56D9-CA76-41C0-839C-5FD6DE9AA61F}.Release|Any CPU.Build.0 = Release|Any CPU
		{E3C02E65-1333-4522-BC13-F556C16F76FD}.Debug|Any CPU.ActiveCfg = Debug|Any CPU
		{E3C02E65-1333-4522-BC13-F556C16F76FD}.Debug|Any CPU.Build.0 = Debug|Any CPU
		{E3C02E65-1333-4522-BC13-F556C16F76FD}.Release|Any CPU.ActiveCfg = Release|Any CPU
		{E3C02E65-1333-4522-BC13-F556C16F76FD}.Release|Any CPU.Build.0 = Release|Any CPU
		{8DDB629A-0AEB-477A-9635-1E8A410C410F}.Debug|Any CPU.ActiveCfg = Debug|Any CPU
		{8DDB629A-0AEB-477A-9635-1E8A410C410F}.Debug|Any CPU.Build.0 = Debug|Any CPU
		{8DDB629A-0AEB-477A-9635-1E8A410C410F}.Release|Any CPU.ActiveCfg = Release|Any CPU
		{8DDB629A-0AEB-477A-9635-1E8A410C410F}.Release|Any CPU.Build.0 = Release|Any CPU
		{F8DF5E57-85C3-479A-89F2-81085A0B2732}.Debug|Any CPU.ActiveCfg = Debug|Any CPU
		{F8DF5E57-85C3-479A-89F2-81085A0B2732}.Debug|Any CPU.Build.0 = Debug|Any CPU
		{F8DF5E57-85C3-479A-89F2-81085A0B2732}.Release|Any CPU.ActiveCfg = Release|Any CPU
		{F8DF5E57-85C3-479A-89F2-81085A0B2732}.Release|Any CPU.Build.0 = Release|Any CPU
		{9EBF254F-E96B-442D-B781-625FF6FF0AFE}.Debug|Any CPU.ActiveCfg = Debug|Any CPU
		{9EBF254F-E96B-442D-B781-625FF6FF0AFE}.Debug|Any CPU.Build.0 = Debug|Any CPU
		{9EBF254F-E96B-442D-B781-625FF6FF0AFE}.Release|Any CPU.ActiveCfg = Release|Any CPU
		{9EBF254F-E96B-442D-B781-625FF6FF0AFE}.Release|Any CPU.Build.0 = Release|Any CPU
		{98364839-0B27-4804-8E73-752D4A807D55}.Debug|Any CPU.ActiveCfg = Debug|Any CPU
		{98364839-0B27-4804-8E73-752D4A807D55}.Debug|Any CPU.Build.0 = Debug|Any CPU
		{98364839-0B27-4804-8E73-752D4A807D55}.Release|Any CPU.ActiveCfg = Release|Any CPU
		{98364839-0B27-4804-8E73-752D4A807D55}.Release|Any CPU.Build.0 = Release|Any CPU
		{FD2CA17D-97D5-4197-810E-A983452011B1}.Debug|Any CPU.ActiveCfg = Debug|Any CPU
		{FD2CA17D-97D5-4197-810E-A983452011B1}.Debug|Any CPU.Build.0 = Debug|Any CPU
		{FD2CA17D-97D5-4197-810E-A983452011B1}.Release|Any CPU.ActiveCfg = Release|Any CPU
		{FD2CA17D-97D5-4197-810E-A983452011B1}.Release|Any CPU.Build.0 = Release|Any CPU
		{8A16F3D9-E62A-4C8D-91A9-99BFC90B705A}.Debug|Any CPU.ActiveCfg = Debug|Any CPU
		{8A16F3D9-E62A-4C8D-91A9-99BFC90B705A}.Debug|Any CPU.Build.0 = Debug|Any CPU
		{8A16F3D9-E62A-4C8D-91A9-99BFC90B705A}.Release|Any CPU.ActiveCfg = Release|Any CPU
		{8A16F3D9-E62A-4C8D-91A9-99BFC90B705A}.Release|Any CPU.Build.0 = Release|Any CPU
		{409D1A6D-9C05-41E3-A8CB-A7B0DAC21B4C}.Debug|Any CPU.ActiveCfg = Debug|Any CPU
		{409D1A6D-9C05-41E3-A8CB-A7B0DAC21B4C}.Debug|Any CPU.Build.0 = Debug|Any CPU
		{409D1A6D-9C05-41E3-A8CB-A7B0DAC21B4C}.Release|Any CPU.ActiveCfg = Release|Any CPU
		{409D1A6D-9C05-41E3-A8CB-A7B0DAC21B4C}.Release|Any CPU.Build.0 = Release|Any CPU
	EndGlobalSection
	GlobalSection(SolutionProperties) = preSolution
		HideSolutionNode = FALSE
	EndGlobalSection
	GlobalSection(ExtensibilityGlobals) = postSolution
		SolutionGuid = {86952FCA-DF21-4C1B-923E-7A942556F1C7}
	EndGlobalSection
EndGlobal
